// !$*UTF8*$!
{
	archiveVersion = 1;
	classes = {
	};
	objectVersion = 46;
	objects = {

/* Begin PBXBuildFile section */
		3592DABE1BCEA75900D9CF01 /* AppDelegate.swift in Sources */ = {isa = PBXBuildFile; fileRef = 3592DABD1BCEA75900D9CF01 /* AppDelegate.swift */; };
		3592DAC01BCEA75900D9CF01 /* ViewController.swift in Sources */ = {isa = PBXBuildFile; fileRef = 3592DABF1BCEA75900D9CF01 /* ViewController.swift */; };
		3592DAC31BCEA75900D9CF01 /* Main.storyboard in Resources */ = {isa = PBXBuildFile; fileRef = 3592DAC11BCEA75900D9CF01 /* Main.storyboard */; };
		3592DAC51BCEA75900D9CF01 /* Assets.xcassets in Resources */ = {isa = PBXBuildFile; fileRef = 3592DAC41BCEA75900D9CF01 /* Assets.xcassets */; };
		3592DAC81BCEA75900D9CF01 /* LaunchScreen.storyboard in Resources */ = {isa = PBXBuildFile; fileRef = 3592DAC61BCEA75900D9CF01 /* LaunchScreen.storyboard */; };
		3592DAD31BCEA75900D9CF01 /* testpaintcodeTests.swift in Sources */ = {isa = PBXBuildFile; fileRef = 3592DAD21BCEA75900D9CF01 /* testpaintcodeTests.swift */; };
		3592DADE1BCEA75900D9CF01 /* testpaintcodeUITests.swift in Sources */ = {isa = PBXBuildFile; fileRef = 3592DADD1BCEA75900D9CF01 /* testpaintcodeUITests.swift */; };
		3592DAEC1BCEA77D00D9CF01 /* testcode.swift in Sources */ = {isa = PBXBuildFile; fileRef = 3592DAEB1BCEA77D00D9CF01 /* testcode.swift */; settings = {ASSET_TAGS = (); }; };
/* End PBXBuildFile section */

/* Begin PBXContainerItemProxy section */
		3592DACF1BCEA75900D9CF01 /* PBXContainerItemProxy */ = {
			isa = PBXContainerItemProxy;
			containerPortal = 3592DAB21BCEA75900D9CF01 /* Project object */;
			proxyType = 1;
			remoteGlobalIDString = 3592DAB91BCEA75900D9CF01;
			remoteInfo = testpaintcode;
		};
		3592DADA1BCEA75900D9CF01 /* PBXContainerItemProxy */ = {
			isa = PBXContainerItemProxy;
			containerPortal = 3592DAB21BCEA75900D9CF01 /* Project object */;
			proxyType = 1;
			remoteGlobalIDString = 3592DAB91BCEA75900D9CF01;
			remoteInfo = testpaintcode;
		};
/* End PBXContainerItemProxy section */

/* Begin PBXFileReference section */
		3592DABA1BCEA75900D9CF01 /* testpaintcode.app */ = {isa = PBXFileReference; explicitFileType = wrapper.application; includeInIndex = 0; path = testpaintcode.app; sourceTree = BUILT_PRODUCTS_DIR; };
		3592DABD1BCEA75900D9CF01 /* AppDelegate.swift */ = {isa = PBXFileReference; lastKnownFileType = sourcecode.swift; path = AppDelegate.swift; sourceTree = "<group>"; };
		3592DABF1BCEA75900D9CF01 /* ViewController.swift */ = {isa = PBXFileReference; lastKnownFileType = sourcecode.swift; path = ViewController.swift; sourceTree = "<group>"; };
		3592DAC21BCEA75900D9CF01 /* Base */ = {isa = PBXFileReference; lastKnownFileType = file.storyboard; name = Base; path = Base.lproj/Main.storyboard; sourceTree = "<group>"; };
		3592DAC41BCEA75900D9CF01 /* Assets.xcassets */ = {isa = PBXFileReference; lastKnownFileType = folder.assetcatalog; path = Assets.xcassets; sourceTree = "<group>"; };
		3592DAC71BCEA75900D9CF01 /* Base */ = {isa = PBXFileReference; lastKnownFileType = file.storyboard; name = Base; path = Base.lproj/LaunchScreen.storyboard; sourceTree = "<group>"; };
		3592DAC91BCEA75900D9CF01 /* Info.plist */ = {isa = PBXFileReference; lastKnownFileType = text.plist.xml; path = Info.plist; sourceTree = "<group>"; };
		3592DACE1BCEA75900D9CF01 /* testpaintcodeTests.xctest */ = {isa = PBXFileReference; explicitFileType = wrapper.cfbundle; includeInIndex = 0; path = testpaintcodeTests.xctest; sourceTree = BUILT_PRODUCTS_DIR; };
		3592DAD21BCEA75900D9CF01 /* testpaintcodeTests.swift */ = {isa = PBXFileReference; lastKnownFileType = sourcecode.swift; path = testpaintcodeTests.swift; sourceTree = "<group>"; };
		3592DAD41BCEA75900D9CF01 /* Info.plist */ = {isa = PBXFileReference; lastKnownFileType = text.plist.xml; path = Info.plist; sourceTree = "<group>"; };
		3592DAD91BCEA75900D9CF01 /* testpaintcodeUITests.xctest */ = {isa = PBXFileReference; explicitFileType = wrapper.cfbundle; includeInIndex = 0; path = testpaintcodeUITests.xctest; sourceTree = BUILT_PRODUCTS_DIR; };
		3592DADD1BCEA75900D9CF01 /* testpaintcodeUITests.swift */ = {isa = PBXFileReference; lastKnownFileType = sourcecode.swift; path = testpaintcodeUITests.swift; sourceTree = "<group>"; };
		3592DADF1BCEA75900D9CF01 /* Info.plist */ = {isa = PBXFileReference; lastKnownFileType = text.plist.xml; path = Info.plist; sourceTree = "<group>"; };
		3592DAEB1BCEA77D00D9CF01 /* testcode.swift */ = {isa = PBXFileReference; fileEncoding = 4; lastKnownFileType = sourcecode.swift; path = testcode.swift; sourceTree = "<group>"; };
/* End PBXFileReference section */

/* Begin PBXFrameworksBuildPhase section */
		3592DAB71BCEA75900D9CF01 /* Frameworks */ = {
			isa = PBXFrameworksBuildPhase;
			buildActionMask = 2147483647;
			files = (
			);
			runOnlyForDeploymentPostprocessing = 0;
		};
		3592DACB1BCEA75900D9CF01 /* Frameworks */ = {
			isa = PBXFrameworksBuildPhase;
			buildActionMask = 2147483647;
			files = (
			);
			runOnlyForDeploymentPostprocessing = 0;
		};
		3592DAD61BCEA75900D9CF01 /* Frameworks */ = {
			isa = PBXFrameworksBuildPhase;
			buildActionMask = 2147483647;
			files = (
			);
			runOnlyForDeploymentPostprocessing = 0;
		};
/* End PBXFrameworksBuildPhase section */

/* Begin PBXGroup section */
		3592DAB11BCEA75900D9CF01 = {
			isa = PBXGroup;
			children = (
				3592DABC1BCEA75900D9CF01 /* testpaintcode */,
				3592DAD11BCEA75900D9CF01 /* testpaintcodeTests */,
				3592DADC1BCEA75900D9CF01 /* testpaintcodeUITests */,
				3592DABB1BCEA75900D9CF01 /* Products */,
			);
			sourceTree = "<group>";
		};
		3592DABB1BCEA75900D9CF01 /* Products */ = {
			isa = PBXGroup;
			children = (
				3592DABA1BCEA75900D9CF01 /* testpaintcode.app */,
				3592DACE1BCEA75900D9CF01 /* testpaintcodeTests.xctest */,
				3592DAD91BCEA75900D9CF01 /* testpaintcodeUITests.xctest */,
			);
			name = Products;
			sourceTree = "<group>";
		};
		3592DABC1BCEA75900D9CF01 /* testpaintcode */ = {
			isa = PBXGroup;
			children = (
				3592DABD1BCEA75900D9CF01 /* AppDelegate.swift */,
				3592DAEB1BCEA77D00D9CF01 /* testcode.swift */,
				3592DABF1BCEA75900D9CF01 /* ViewController.swift */,
				3592DAC11BCEA75900D9CF01 /* Main.storyboard */,
				3592DAC41BCEA75900D9CF01 /* Assets.xcassets */,
				3592DAC61BCEA75900D9CF01 /* LaunchScreen.storyboard */,
				3592DAC91BCEA75900D9CF01 /* Info.plist */,
			);
			path = testpaintcode;
			sourceTree = "<group>";
		};
		3592DAD11BCEA75900D9CF01 /* testpaintcodeTests */ = {
			isa = PBXGroup;
			children = (
				3592DAD21BCEA75900D9CF01 /* testpaintcodeTests.swift */,
				3592DAD41BCEA75900D9CF01 /* Info.plist */,
			);
			path = testpaintcodeTests;
			sourceTree = "<group>";
		};
		3592DADC1BCEA75900D9CF01 /* testpaintcodeUITests */ = {
			isa = PBXGroup;
			children = (
				3592DADD1BCEA75900D9CF01 /* testpaintcodeUITests.swift */,
				3592DADF1BCEA75900D9CF01 /* Info.plist */,
			);
			path = testpaintcodeUITests;
			sourceTree = "<group>";
		};
/* End PBXGroup section */

/* Begin PBXNativeTarget section */
		3592DAB91BCEA75900D9CF01 /* testpaintcode */ = {
			isa = PBXNativeTarget;
			buildConfigurationList = 3592DAE21BCEA75900D9CF01 /* Build configuration list for PBXNativeTarget "testpaintcode" */;
			buildPhases = (
				3592DAB61BCEA75900D9CF01 /* Sources */,
				3592DAB71BCEA75900D9CF01 /* Frameworks */,
				3592DAB81BCEA75900D9CF01 /* Resources */,
			);
			buildRules = (
			);
			dependencies = (
			);
			name = testpaintcode;
			productName = testpaintcode;
			productReference = 3592DABA1BCEA75900D9CF01 /* testpaintcode.app */;
			productType = "com.apple.product-type.application";
		};
		3592DACD1BCEA75900D9CF01 /* testpaintcodeTests */ = {
			isa = PBXNativeTarget;
			buildConfigurationList = 3592DAE51BCEA75900D9CF01 /* Build configuration list for PBXNativeTarget "testpaintcodeTests" */;
			buildPhases = (
				3592DACA1BCEA75900D9CF01 /* Sources */,
				3592DACB1BCEA75900D9CF01 /* Frameworks */,
				3592DACC1BCEA75900D9CF01 /* Resources */,
			);
			buildRules = (
			);
			dependencies = (
				3592DAD01BCEA75900D9CF01 /* PBXTargetDependency */,
			);
			name = testpaintcodeTests;
			productName = testpaintcodeTests;
			productReference = 3592DACE1BCEA75900D9CF01 /* testpaintcodeTests.xctest */;
			productType = "com.apple.product-type.bundle.unit-test";
		};
		3592DAD81BCEA75900D9CF01 /* testpaintcodeUITests */ = {
			isa = PBXNativeTarget;
			buildConfigurationList = 3592DAE81BCEA75900D9CF01 /* Build configuration list for PBXNativeTarget "testpaintcodeUITests" */;
			buildPhases = (
				3592DAD51BCEA75900D9CF01 /* Sources */,
				3592DAD61BCEA75900D9CF01 /* Frameworks */,
				3592DAD71BCEA75900D9CF01 /* Resources */,
			);
			buildRules = (
			);
			dependencies = (
				3592DADB1BCEA75900D9CF01 /* PBXTargetDependency */,
			);
			name = testpaintcodeUITests;
			productName = testpaintcodeUITests;
			productReference = 3592DAD91BCEA75900D9CF01 /* testpaintcodeUITests.xctest */;
			productType = "com.apple.product-type.bundle.ui-testing";
		};
/* End PBXNativeTarget section */

/* Begin PBXProject section */
		3592DAB21BCEA75900D9CF01 /* Project object */ = {
			isa = PBXProject;
			attributes = {
				LastUpgradeCheck = 0700;
				ORGANIZATIONNAME = "赵磊";
				TargetAttributes = {
					3592DAB91BCEA75900D9CF01 = {
						CreatedOnToolsVersion = 7.0.1;
						DevelopmentTeam = TV6QKK88A3;
					};
					3592DACD1BCEA75900D9CF01 = {
						CreatedOnToolsVersion = 7.0.1;
						DevelopmentTeam = TV6QKK88A3;
						TestTargetID = 3592DAB91BCEA75900D9CF01;
					};
					3592DAD81BCEA75900D9CF01 = {
						CreatedOnToolsVersion = 7.0.1;
						DevelopmentTeam = TV6QKK88A3;
						TestTargetID = 3592DAB91BCEA75900D9CF01;
					};
				};
			};
			buildConfigurationList = 3592DAB51BCEA75900D9CF01 /* Build configuration list for PBXProject "testpaintcode" */;
			compatibilityVersion = "Xcode 3.2";
			developmentRegion = English;
			hasScannedForEncodings = 0;
			knownRegions = (
				en,
				Base,
			);
			mainGroup = 3592DAB11BCEA75900D9CF01;
			productRefGroup = 3592DABB1BCEA75900D9CF01 /* Products */;
			projectDirPath = "";
			projectRoot = "";
			targets = (
				3592DAB91BCEA75900D9CF01 /* testpaintcode */,
				3592DACD1BCEA75900D9CF01 /* testpaintcodeTests */,
				3592DAD81BCEA75900D9CF01 /* testpaintcodeUITests */,
			);
		};
/* End PBXProject section */

/* Begin PBXResourcesBuildPhase section */
		3592DAB81BCEA75900D9CF01 /* Resources */ = {
			isa = PBXResourcesBuildPhase;
			buildActionMask = 2147483647;
			files = (
				3592DAC81BCEA75900D9CF01 /* LaunchScreen.storyboard in Resources */,
				3592DAC51BCEA75900D9CF01 /* Assets.xcassets in Resources */,
				3592DAC31BCEA75900D9CF01 /* Main.storyboard in Resources */,
			);
			runOnlyForDeploymentPostprocessing = 0;
		};
		3592DACC1BCEA75900D9CF01 /* Resources */ = {
			isa = PBXResourcesBuildPhase;
			buildActionMask = 2147483647;
			files = (
			);
			runOnlyForDeploymentPostprocessing = 0;
		};
		3592DAD71BCEA75900D9CF01 /* Resources */ = {
			isa = PBXResourcesBuildPhase;
			buildActionMask = 2147483647;
			files = (
			);
			runOnlyForDeploymentPostprocessing = 0;
		};
/* End PBXResourcesBuildPhase section */

/* Begin PBXSourcesBuildPhase section */
		3592DAB61BCEA75900D9CF01 /* Sources */ = {
			isa = PBXSourcesBuildPhase;
			buildActionMask = 2147483647;
			files = (
				3592DAC01BCEA75900D9CF01 /* ViewController.swift in Sources */,
				3592DABE1BCEA75900D9CF01 /* AppDelegate.swift in Sources */,
				3592DAEC1BCEA77D00D9CF01 /* testcode.swift in Sources */,
			);
			runOnlyForDeploymentPostprocessing = 0;
		};
		3592DACA1BCEA75900D9CF01 /* Sources */ = {
			isa = PBXSourcesBuildPhase;
			buildActionMask = 2147483647;
			files = (
				3592DAD31BCEA75900D9CF01 /* testpaintcodeTests.swift in Sources */,
			);
			runOnlyForDeploymentPostprocessing = 0;
		};
		3592DAD51BCEA75900D9CF01 /* Sources */ = {
			isa = PBXSourcesBuildPhase;
			buildActionMask = 2147483647;
			files = (
				3592DADE1BCEA75900D9CF01 /* testpaintcodeUITests.swift in Sources */,
			);
			runOnlyForDeploymentPostprocessing = 0;
		};
/* End PBXSourcesBuildPhase section */

/* Begin PBXTargetDependency section */
		3592DAD01BCEA75900D9CF01 /* PBXTargetDependency */ = {
			isa = PBXTargetDependency;
			target = 3592DAB91BCEA75900D9CF01 /* testpaintcode */;
			targetProxy = 3592DACF1BCEA75900D9CF01 /* PBXContainerItemProxy */;
		};
		3592DADB1BCEA75900D9CF01 /* PBXTargetDependency */ = {
			isa = PBXTargetDependency;
			target = 3592DAB91BCEA75900D9CF01 /* testpaintcode */;
			targetProxy = 3592DADA1BCEA75900D9CF01 /* PBXContainerItemProxy */;
		};
/* End PBXTargetDependency section */

/* Begin PBXVariantGroup section */
		3592DAC11BCEA75900D9CF01 /* Main.storyboard */ = {
			isa = PBXVariantGroup;
			children = (
				3592DAC21BCEA75900D9CF01 /* Base */,
			);
			name = Main.storyboard;
			sourceTree = "<group>";
		};
		3592DAC61BCEA75900D9CF01 /* LaunchScreen.storyboard */ = {
			isa = PBXVariantGroup;
			children = (
				3592DAC71BCEA75900D9CF01 /* Base */,
			);
			name = LaunchScreen.storyboard;
			sourceTree = "<group>";
		};
/* End PBXVariantGroup section */

/* Begin XCBuildConfiguration section */
		3592DAE01BCEA75900D9CF01 /* Debug */ = {
			isa = XCBuildConfiguration;
			buildSettings = {
				ALWAYS_SEARCH_USER_PATHS = NO;
				CLANG_CXX_LANGUAGE_STANDARD = "gnu++0x";
				CLANG_CXX_LIBRARY = "libc++";
				CLANG_ENABLE_MODULES = YES;
				CLANG_ENABLE_OBJC_ARC = YES;
				CLANG_WARN_BOOL_CONVERSION = YES;
				CLANG_WARN_CONSTANT_CONVERSION = YES;
				CLANG_WARN_DIRECT_OBJC_ISA_USAGE = YES_ERROR;
				CLANG_WARN_EMPTY_BODY = YES;
				CLANG_WARN_ENUM_CONVERSION = YES;
				CLANG_WARN_INT_CONVERSION = YES;
				CLANG_WARN_OBJC_ROOT_CLASS = YES_ERROR;
				CLANG_WARN_UNREACHABLE_CODE = YES;
				CLANG_WARN__DUPLICATE_METHOD_MATCH = YES;
				"CODE_SIGN_IDENTITY[sdk=iphoneos*]" = "iPhone Developer";
				COPY_PHASE_STRIP = NO;
				DEBUG_INFORMATION_FORMAT = dwarf;
				ENABLE_STRICT_OBJC_MSGSEND = YES;
				ENABLE_TESTABILITY = YES;
				GCC_C_LANGUAGE_STANDARD = gnu99;
				GCC_DYNAMIC_NO_PIC = NO;
				GCC_NO_COMMON_BLOCKS = YES;
				GCC_OPTIMIZATION_LEVEL = 0;
				GCC_PREPROCESSOR_DEFINITIONS = (
					"DEBUG=1",
					"$(inherited)",
				);
				GCC_WARN_64_TO_32_BIT_CONVERSION = YES;
				GCC_WARN_ABOUT_RETURN_TYPE = YES_ERROR;
				GCC_WARN_UNDECLARED_SELECTOR = YES;
				GCC_WARN_UNINITIALIZED_AUTOS = YES_AGGRESSIVE;
				GCC_WARN_UNUSED_FUNCTION = YES;
				GCC_WARN_UNUSED_VARIABLE = YES;
				IPHONEOS_DEPLOYMENT_TARGET = 9.0;
				MTL_ENABLE_DEBUG_INFO = YES;
				ONLY_ACTIVE_ARCH = YES;
				SDKROOT = iphoneos;
				SWIFT_OPTIMIZATION_LEVEL = "-Onone";
			};
			name = Debug;
		};
		3592DAE11BCEA75900D9CF01 /* Release */ = {
			isa = XCBuildConfiguration;
			buildSettings = {
				ALWAYS_SEARCH_USER_PATHS = NO;
				CLANG_CXX_LANGUAGE_STANDARD = "gnu++0x";
				CLANG_CXX_LIBRARY = "libc++";
				CLANG_ENABLE_MODULES = YES;
				CLANG_ENABLE_OBJC_ARC = YES;
				CLANG_WARN_BOOL_CONVERSION = YES;
				CLANG_WARN_CONSTANT_CONVERSION = YES;
				CLANG_WARN_DIRECT_OBJC_ISA_USAGE = YES_ERROR;
				CLANG_WARN_EMPTY_BODY = YES;
				CLANG_WARN_ENUM_CONVERSION = YES;
				CLANG_WARN_INT_CONVERSION = YES;
				CLANG_WARN_OBJC_ROOT_CLASS = YES_ERROR;
				CLANG_WARN_UNREACHABLE_CODE = YES;
				CLANG_WARN__DUPLICATE_METHOD_MATCH = YES;
				"CODE_SIGN_IDENTITY[sdk=iphoneos*]" = "iPhone Developer";
				COPY_PHASE_STRIP = NO;
				DEBUG_INFORMATION_FORMAT = "dwarf-with-dsym";
				ENABLE_NS_ASSERTIONS = NO;
				ENABLE_STRICT_OBJC_MSGSEND = YES;
				GCC_C_LANGUAGE_STANDARD = gnu99;
				GCC_NO_COMMON_BLOCKS = YES;
				GCC_WARN_64_TO_32_BIT_CONVERSION = YES;
				GCC_WARN_ABOUT_RETURN_TYPE = YES_ERROR;
				GCC_WARN_UNDECLARED_SELECTOR = YES;
				GCC_WARN_UNINITIALIZED_AUTOS = YES_AGGRESSIVE;
				GCC_WARN_UNUSED_FUNCTION = YES;
				GCC_WARN_UNUSED_VARIABLE = YES;
				IPHONEOS_DEPLOYMENT_TARGET = 9.0;
				MTL_ENABLE_DEBUG_INFO = NO;
				SDKROOT = iphoneos;
				VALIDATE_PRODUCT = YES;
			};
			name = Release;
		};
		3592DAE31BCEA75900D9CF01 /* Debug */ = {
			isa = XCBuildConfiguration;
			buildSettings = {
				ASSETCATALOG_COMPILER_APPICON_NAME = AppIcon;
				INFOPLIST_FILE = testpaintcode/Info.plist;
				LD_RUNPATH_SEARCH_PATHS = "$(inherited) @executable_path/Frameworks";
				PRODUCT_BUNDLE_IDENTIFIER = zhaolei.testpaintcode;
				PRODUCT_NAME = "$(TARGET_NAME)";
			};
			name = Debug;
		};
		3592DAE41BCEA75900D9CF01 /* Release */ = {
			isa = XCBuildConfiguration;
			buildSettings = {
				ASSETCATALOG_COMPILER_APPICON_NAME = AppIcon;
				INFOPLIST_FILE = testpaintcode/Info.plist;
				LD_RUNPATH_SEARCH_PATHS = "$(inherited) @executable_path/Frameworks";
				PRODUCT_BUNDLE_IDENTIFIER = zhaolei.testpaintcode;
				PRODUCT_NAME = "$(TARGET_NAME)";
			};
			name = Release;
		};
		3592DAE61BCEA75900D9CF01 /* Debug */ = {
			isa = XCBuildConfiguration;
			buildSettings = {
				BUNDLE_LOADER = "$(TEST_HOST)";
				INFOPLIST_FILE = testpaintcodeTests/Info.plist;
				LD_RUNPATH_SEARCH_PATHS = "$(inherited) @executable_path/Frameworks @loader_path/Frameworks";
				PRODUCT_BUNDLE_IDENTIFIER = zhaolei.testpaintcodeTests;
				PRODUCT_NAME = "$(TARGET_NAME)";
				TEST_HOST = "$(BUILT_PRODUCTS_DIR)/testpaintcode.app/testpaintcode";
			};
			name = Debug;
		};
		3592DAE71BCEA75900D9CF01 /* Release */ = {
			isa = XCBuildConfiguration;
			buildSettings = {
				BUNDLE_LOADER = "$(TEST_HOST)";
				INFOPLIST_FILE = testpaintcodeTests/Info.plist;
				LD_RUNPATH_SEARCH_PATHS = "$(inherited) @executable_path/Frameworks @loader_path/Frameworks";
				PRODUCT_BUNDLE_IDENTIFIER = zhaolei.testpaintcodeTests;
				PRODUCT_NAME = "$(TARGET_NAME)";
				TEST_HOST = "$(BUILT_PRODUCTS_DIR)/testpaintcode.app/testpaintcode";
			};
			name = Release;
		};
		3592DAE91BCEA75900D9CF01 /* Debug */ = {
			isa = XCBuildConfiguration;
			buildSettings = {
				INFOPLIST_FILE = testpaintcodeUITests/Info.plist;
				LD_RUNPATH_SEARCH_PATHS = "$(inherited) @executable_path/Frameworks @loader_path/Frameworks";
				PRODUCT_BUNDLE_IDENTIFIER = zhaolei.testpaintcodeUITests;
				PRODUCT_NAME = "$(TARGET_NAME)";
				TEST_TARGET_NAME = testpaintcode;
				USES_XCTRUNNER = YES;
			};
			name = Debug;
		};
		3592DAEA1BCEA75900D9CF01 /* Release */ = {
			isa = XCBuildConfiguration;
			buildSettings = {
				INFOPLIST_FILE = testpaintcodeUITests/Info.plist;
				LD_RUNPATH_SEARCH_PATHS = "$(inherited) @executable_path/Frameworks @loader_path/Frameworks";
				PRODUCT_BUNDLE_IDENTIFIER = zhaolei.testpaintcodeUITests;
				PRODUCT_NAME = "$(TARGET_NAME)";
				TEST_TARGET_NAME = testpaintcode;
				USES_XCTRUNNER = YES;
			};
			name = Release;
		};
/* End XCBuildConfiguration section */

/* Begin XCConfigurationList section */
		3592DAB51BCEA75900D9CF01 /* Build configuration list for PBXProject "testpaintcode" */ = {
			isa = XCConfigurationList;
			buildConfigurations = (
				3592DAE01BCEA75900D9CF01 /* Debug */,
				3592DAE11BCEA75900D9CF01 /* Release */,
			);
			defaultConfigurationIsVisible = 0;
			defaultConfigurationName = Release;
		};
		3592DAE21BCEA75900D9CF01 /* Build configuration list for PBXNativeTarget "testpaintcode" */ = {
			isa = XCConfigurationList;
			buildConfigurations = (
				3592DAE31BCEA75900D9CF01 /* Debug */,
				3592DAE41BCEA75900D9CF01 /* Release */,
			);
			defaultConfigurationIsVisible = 0;
		};
		3592DAE51BCEA75900D9CF01 /* Build configuration list for PBXNativeTarget "testpaintcodeTests" */ = {
			isa = XCConfigurationList;
			buildConfigurations = (
				3592DAE61BCEA75900D9CF01 /* Debug */,
				3592DAE71BCEA75900D9CF01 /* Release */,
			);
			defaultConfigurationIsVisible = 0;
		};
		3592DAE81BCEA75900D9CF01 /* Build configuration list for PBXNativeTarget "testpaintcodeUITests" */ = {
			isa = XCConfigurationList;
			buildConfigurations = (
				3592DAE91BCEA75900D9CF01 /* Debug */,
				3592DAEA1BCEA75900D9CF01 /* Release */,
			);
			defaultConfigurationIsVisible = 0;
		};
/* End XCConfigurationList section */
	};
	rootObject = 3592DAB21BCEA75900D9CF01 /* Project object */;
}
